
Microsoft Visual Studio Solution File, Format Version 12.00
# Visual Studio 2013
VisualStudioVersion = 12.0.21005.1
MinimumVisualStudioVersion = 10.0.40219.1
Project("{FAE04EC0-301F-11D3-BF4B-00C04F79EFBC}") = "Housekeeping.Data", "Housekeeping.Data\Housekeeping.Data.csproj", "{1A9C6C22-134F-4495-B521-57E2A1922794}"
EndProject
Project("{FAE04EC0-301F-11D3-BF4B-00C04F79EFBC}") = "Housekeeping.Common", "Housekeeping.Common\Housekeeping.Common.csproj", "{55488BE6-EA37-47AA-A19E-778B0530E99B}"
EndProject
Global
	GlobalSection(SolutionConfigurationPlatforms) = preSolution
		Debug|Any CPU = Debug|Any CPU
		Release|Any CPU = Release|Any CPU
	EndGlobalSection
	GlobalSection(ProjectConfigurationPlatforms) = postSolution
		{1A9C6C22-134F-4495-B521-57E2A1922794}.Debug|Any CPU.ActiveCfg = Debug|Any CPU
		{1A9C6C22-134F-4495-B521-57E2A1922794}.Debug|Any CPU.Build.0 = Debug|Any CPU
		{1A9C6C22-134F-4495-B521-57E2A1922794}.Release|Any CPU.ActiveCfg = Release|Any CPU
		{1A9C6C22-134F-4495-B521-57E2A1922794}.Release|Any CPU.Build.0 = Release|Any CPU
		{55488BE6-EA37-47AA-A19E-778B0530E99B}.Debug|Any CPU.ActiveCfg = Debug|Any CPU
		{55488BE6-EA37-47AA-A19E-778B0530E99B}.Debug|Any CPU.Build.0 = Debug|Any CPU
		{55488BE6-EA37-47AA-A19E-778B0530E99B}.Release|Any CPU.ActiveCfg = Release|Any CPU
		{55488BE6-EA37-47AA-A19E-778B0530E99B}.Release|Any CPU.Build.0 = Release|Any CPU
	EndGlobalSection
	GlobalSection(SolutionProperties) = preSolution
		HideSolutionNode = FALSE
	EndGlobalSection
EndGlobal
